# THIS IS AN AUTOGENERATED FILE. DO NOT EDIT THIS FILE DIRECTLY.
# yarn lockfile v1


heap-js@^2.6.0:
  version "2.6.0"
  resolved "https://registry.yarnpkg.com/heap-js/-/heap-js-2.6.0.tgz#72a2fc9efdb8b7b103c351b6e936d18325104a15"
  integrity sha512-trFMIq3PATiFRiQmNNeHtsrkwYRByIXUbYNbotiY9RLVfMkdwZdd2eQ38mGt7BRiCKBaj1DyBAIHmm7mmXPuuw==
